
Microsoft Visual Studio Solution File, Format Version 11.00
# Visual Studio 2010
Project("{FAE04EC0-301F-11D3-BF4B-00C04F79EFBC}") = "PowershellExtensions", "PowershellExtensions\PowershellExtensions.csproj", "{43EF3D43-907F-4BBB-9184-3A382B453451}"
EndProject
Project("{FAE04EC0-301F-11D3-BF4B-00C04F79EFBC}") = "Tests", "Tests\Tests.csproj", "{65B515C2-3910-4BBE-8B29-37B99524EC83}"
EndProject
Project("{2150E333-8FDC-42A3-9474-1A3956D46DE8}") = "Solution Items", "Solution Items", "{714500DF-F6E5-4C29-B2E7-F45E6B0FF2D2}"
	ProjectSection(SolutionItems) = preProject
		PowershellExtensions\PowershellExtensions.vsmdi = PowershellExtensions\PowershellExtensions.vsmdi
	EndProjectSection
EndProject
Project("{2150E333-8FDC-42A3-9474-1A3956D46DE8}") = "Lib", "Lib", "{21FDECFE-CDDF-4605-BF9B-FF8C20F77E52}"
	ProjectSection(SolutionItems) = preProject
		Lib\Id.DatabaseMigration.dll = Lib\Id.DatabaseMigration.dll
		Lib\Id.DatabaseMigration.pdb = Lib\Id.DatabaseMigration.pdb
		Lib\Migrator.dll = Lib\Migrator.dll
		Lib\Migrator.Framework.dll = Lib\Migrator.Framework.dll
		Lib\Migrator.Framework.pdb = Lib\Migrator.Framework.pdb
		Lib\Migrator.pdb = Lib\Migrator.pdb
		Lib\Migrator.Providers.dll = Lib\Migrator.Providers.dll
		Lib\Migrator.Providers.pdb = Lib\Migrator.Providers.pdb
	EndProjectSection
EndProject
Global
	GlobalSection(TestCaseManagementSettings) = postSolution
		CategoryFile = PowershellExtensions\PowershellExtensions.vsmdi
	EndGlobalSection
	GlobalSection(SolutionConfigurationPlatforms) = preSolution
		Debug|Any CPU = Debug|Any CPU
		Release|Any CPU = Release|Any CPU
	EndGlobalSection
	GlobalSection(ProjectConfigurationPlatforms) = postSolution
		{43EF3D43-907F-4BBB-9184-3A382B453451}.Debug|Any CPU.ActiveCfg = Debug|Any CPU
		{43EF3D43-907F-4BBB-9184-3A382B453451}.Debug|Any CPU.Build.0 = Debug|Any CPU
		{43EF3D43-907F-4BBB-9184-3A382B453451}.Release|Any CPU.ActiveCfg = Release|Any CPU
		{43EF3D43-907F-4BBB-9184-3A382B453451}.Release|Any CPU.Build.0 = Release|Any CPU
		{65B515C2-3910-4BBE-8B29-37B99524EC83}.Debug|Any CPU.ActiveCfg = Debug|Any CPU
		{65B515C2-3910-4BBE-8B29-37B99524EC83}.Debug|Any CPU.Build.0 = Debug|Any CPU
		{65B515C2-3910-4BBE-8B29-37B99524EC83}.Release|Any CPU.ActiveCfg = Release|Any CPU
		{65B515C2-3910-4BBE-8B29-37B99524EC83}.Release|Any CPU.Build.0 = Release|Any CPU
	EndGlobalSection
	GlobalSection(SolutionProperties) = preSolution
		HideSolutionNode = FALSE
	EndGlobalSection
	GlobalSection(SubversionScc) = preSolution
		Svn-Managed = True
		Manager = AnkhSVN - Subversion Support for Visual Studio
	EndGlobalSection
EndGlobal
